
Microsoft Visual Studio Solution File, Format Version 12.00
# Visual Studio Version 17
VisualStudioVersion = 17.5.33424.131
MinimumVisualStudioVersion = 10.0.40219.1
Project("{FAE04EC0-301F-11D3-BF4B-00C04F79EFBC}") = "GarmentsSoft", "GarmentsSoft.csproj", "{C374DC07-4D7C-4227-B815-7FCE46D8A381}"
EndProject
Global
	GlobalSection(SolutionConfigurationPlatforms) = preSolution
		Debug|Any CPU = Debug|Any CPU
		Release|Any CPU = Release|Any CPU
	EndGlobalSection
	GlobalSection(ProjectConfigurationPlatforms) = postSolution
		{C374DC07-4D7C-4227-B815-7FCE46D8A381}.Debug|Any CPU.ActiveCfg = Debug|Any CPU
		{C374DC07-4D7C-4227-B815-7FCE46D8A381}.Debug|Any CPU.Build.0 = Debug|Any CPU
		{C374DC07-4D7C-4227-B815-7FCE46D8A381}.Release|Any CPU.ActiveCfg = Release|Any CPU
		{C374DC07-4D7C-4227-B815-7FCE46D8A381}.Release|Any CPU.Build.0 = Release|Any CPU
	EndGlobalSection
	GlobalSection(SolutionProperties) = preSolution
		HideSolutionNode = FALSE
	EndGlobalSection
	GlobalSection(ExtensibilityGlobals) = postSolution
		SolutionGuid = {7EEDCAA5-B44E-4514-A901-EFBF144378C8}
	EndGlobalSection
EndGlobal
